# This file is autogenerated, do not edit; changes may be undone by the next 'dep ensure'.


[[projects]]
  name = "github.com/rjz/githubhook"
  packages = ["."]
  revision = "d5f019004f0a15c1c9be5ac3034071ba0dff5832"
  version = "v0.0.1"

[solve-meta]
  analyzer-name = "dep"
  analyzer-version = 1
  inputs-digest = "6babede71c9a1b7bbd784dff32aae183e747ae302f7f247830024cf053bcc9b8"
  solver-name = "gps-cdcl"
  solver-version = 1
